
Microsoft Visual Studio Solution File, Format Version 12.00
# Visual Studio Version 16
VisualStudioVersion = 25.0.1705.4
MinimumVisualStudioVersion = 10.0.40219.1
Project("{FAE04EC0-301F-11D3-BF4B-00C04F79EFBC}") = "DevIO.Business", "..\src\DevIO.Business\DevIO.Business.csproj", "{4D59AB38-0F3D-46CA-A30B-9094A6C9C1F4}"
EndProject
Project("{FAE04EC0-301F-11D3-BF4B-00C04F79EFBC}") = "DevIO.Data", "..\src\DevIO.Data\DevIO.Data.csproj", "{F9B81780-EE51-48BE-9B68-39D2AB16B7F6}"
EndProject
Project("{FAE04EC0-301F-11D3-BF4B-00C04F79EFBC}") = "DevIO.Api", "..\src\DevIO.Api\DevIO.Api.csproj", "{08A30C8E-C2FA-4AC5-BE74-4DF355841917}"
EndProject
Global
	GlobalSection(SolutionConfigurationPlatforms) = preSolution
		Debug|Any CPU = Debug|Any CPU
		Release|Any CPU = Release|Any CPU
	EndGlobalSection
	GlobalSection(ProjectConfigurationPlatforms) = postSolution
		{4D59AB38-0F3D-46CA-A30B-9094A6C9C1F4}.Debug|Any CPU.ActiveCfg = Debug|Any CPU
		{4D59AB38-0F3D-46CA-A30B-9094A6C9C1F4}.Debug|Any CPU.Build.0 = Debug|Any CPU
		{4D59AB38-0F3D-46CA-A30B-9094A6C9C1F4}.Release|Any CPU.ActiveCfg = Release|Any CPU
		{4D59AB38-0F3D-46CA-A30B-9094A6C9C1F4}.Release|Any CPU.Build.0 = Release|Any CPU
		{F9B81780-EE51-48BE-9B68-39D2AB16B7F6}.Debug|Any CPU.ActiveCfg = Debug|Any CPU
		{F9B81780-EE51-48BE-9B68-39D2AB16B7F6}.Debug|Any CPU.Build.0 = Debug|Any CPU
		{F9B81780-EE51-48BE-9B68-39D2AB16B7F6}.Release|Any CPU.ActiveCfg = Release|Any CPU
		{F9B81780-EE51-48BE-9B68-39D2AB16B7F6}.Release|Any CPU.Build.0 = Release|Any CPU
		{08A30C8E-C2FA-4AC5-BE74-4DF355841917}.Debug|Any CPU.ActiveCfg = Debug|Any CPU
		{08A30C8E-C2FA-4AC5-BE74-4DF355841917}.Debug|Any CPU.Build.0 = Debug|Any CPU
		{08A30C8E-C2FA-4AC5-BE74-4DF355841917}.Release|Any CPU.ActiveCfg = Release|Any CPU
		{08A30C8E-C2FA-4AC5-BE74-4DF355841917}.Release|Any CPU.Build.0 = Release|Any CPU
	EndGlobalSection
	GlobalSection(SolutionProperties) = preSolution
		HideSolutionNode = FALSE
	EndGlobalSection
	GlobalSection(ExtensibilityGlobals) = postSolution
		SolutionGuid = {92775E91-0505-43DF-841D-1FD983506811}
	EndGlobalSection
EndGlobal
